
Microsoft Visual Studio Solution File, Format Version 12.00
# Visual Studio Version 16
VisualStudioVersion = 16.0.30309.148
MinimumVisualStudioVersion = 10.0.40219.1
Project("{FAE04EC0-301F-11D3-BF4B-00C04F79EFBC}") = "ECommerceSite", "ECommerceSite\ECommerceSite.csproj", "{7AE5BE26-5BF4-41E1-9E2E-3579BB9836EE}"
EndProject
Global
	GlobalSection(SolutionConfigurationPlatforms) = preSolution
		Debug|Any CPU = Debug|Any CPU
		Release|Any CPU = Release|Any CPU
	EndGlobalSection
	GlobalSection(ProjectConfigurationPlatforms) = postSolution
		{7AE5BE26-5BF4-41E1-9E2E-3579BB9836EE}.Debug|Any CPU.ActiveCfg = Debug|Any CPU
		{7AE5BE26-5BF4-41E1-9E2E-3579BB9836EE}.Debug|Any CPU.Build.0 = Debug|Any CPU
		{7AE5BE26-5BF4-41E1-9E2E-3579BB9836EE}.Release|Any CPU.ActiveCfg = Release|Any CPU
		{7AE5BE26-5BF4-41E1-9E2E-3579BB9836EE}.Release|Any CPU.Build.0 = Release|Any CPU
	EndGlobalSection
	GlobalSection(SolutionProperties) = preSolution
		HideSolutionNode = FALSE
	EndGlobalSection
	GlobalSection(ExtensibilityGlobals) = postSolution
		SolutionGuid = {89B79298-C24F-47C3-9B29-10393901DF72}
	EndGlobalSection
EndGlobal
